
Microsoft Visual Studio Solution File, Format Version 12.00
# Visual Studio Version 17
VisualStudioVersion = 17.8.34330.188
MinimumVisualStudioVersion = 10.0.40219.1
Project("{FAE04EC0-301F-11D3-BF4B-00C04F79EFBC}") = "ProjFinal", "ProjFinal\ProjFinal.csproj", "{C586091A-C928-4256-825C-3266850A3BAF}"
EndProject
Global
	GlobalSection(SolutionConfigurationPlatforms) = preSolution
		Debug|Any CPU = Debug|Any CPU
		Release|Any CPU = Release|Any CPU
	EndGlobalSection
	GlobalSection(ProjectConfigurationPlatforms) = postSolution
		{C586091A-C928-4256-825C-3266850A3BAF}.Debug|Any CPU.ActiveCfg = Debug|Any CPU
		{C586091A-C928-4256-825C-3266850A3BAF}.Debug|Any CPU.Build.0 = Debug|Any CPU
		{C586091A-C928-4256-825C-3266850A3BAF}.Release|Any CPU.ActiveCfg = Release|Any CPU
		{C586091A-C928-4256-825C-3266850A3BAF}.Release|Any CPU.Build.0 = Release|Any CPU
	EndGlobalSection
	GlobalSection(SolutionProperties) = preSolution
		HideSolutionNode = FALSE
	EndGlobalSection
	GlobalSection(ExtensibilityGlobals) = postSolution
		SolutionGuid = {B0ACEDD7-B852-4870-978F-E72CF76B6E72}
	EndGlobalSection
EndGlobal
